
Microsoft Visual Studio Solution File, Format Version 12.00
# Visual Studio Version 16
VisualStudioVersion = 16.0.31624.102
MinimumVisualStudioVersion = 10.0.40219.1
Project("{FAE04EC0-301F-11D3-BF4B-00C04F79EFBC}") = "SignalRWebApp", "SignalRWebApp\SignalRWebApp.csproj", "{15AC13DD-61B4-45EE-8B5D-3F3E9CFC01EB}"
EndProject
Global
	GlobalSection(SolutionConfigurationPlatforms) = preSolution
		Debug|Any CPU = Debug|Any CPU
		Release|Any CPU = Release|Any CPU
	EndGlobalSection
	GlobalSection(ProjectConfigurationPlatforms) = postSolution
		{15AC13DD-61B4-45EE-8B5D-3F3E9CFC01EB}.Debug|Any CPU.ActiveCfg = Debug|Any CPU
		{15AC13DD-61B4-45EE-8B5D-3F3E9CFC01EB}.Debug|Any CPU.Build.0 = Debug|Any CPU
		{15AC13DD-61B4-45EE-8B5D-3F3E9CFC01EB}.Release|Any CPU.ActiveCfg = Release|Any CPU
		{15AC13DD-61B4-45EE-8B5D-3F3E9CFC01EB}.Release|Any CPU.Build.0 = Release|Any CPU
	EndGlobalSection
	GlobalSection(SolutionProperties) = preSolution
		HideSolutionNode = FALSE
	EndGlobalSection
	GlobalSection(ExtensibilityGlobals) = postSolution
		SolutionGuid = {B9D00BB8-3E03-4939-853E-849727B13242}
	EndGlobalSection
EndGlobal
